
Microsoft Visual Studio Solution File, Format Version 12.00
# Visual Studio Version 16
VisualStudioVersion = 16.0.30225.117
MinimumVisualStudioVersion = 10.0.40219.1
Project("{FAE04EC0-301F-11D3-BF4B-00C04F79EFBC}") = "xipra p1.1", "xipra p1.1\xipra p1.1.csproj", "{4C214E0F-3EC2-4727-B1E4-39678880F09D}"
EndProject
Global
	GlobalSection(SolutionConfigurationPlatforms) = preSolution
		Debug|Any CPU = Debug|Any CPU
		Release|Any CPU = Release|Any CPU
	EndGlobalSection
	GlobalSection(ProjectConfigurationPlatforms) = postSolution
		{4C214E0F-3EC2-4727-B1E4-39678880F09D}.Debug|Any CPU.ActiveCfg = Debug|Any CPU
		{4C214E0F-3EC2-4727-B1E4-39678880F09D}.Debug|Any CPU.Build.0 = Debug|Any CPU
		{4C214E0F-3EC2-4727-B1E4-39678880F09D}.Release|Any CPU.ActiveCfg = Release|Any CPU
		{4C214E0F-3EC2-4727-B1E4-39678880F09D}.Release|Any CPU.Build.0 = Release|Any CPU
	EndGlobalSection
	GlobalSection(SolutionProperties) = preSolution
		HideSolutionNode = FALSE
	EndGlobalSection
	GlobalSection(ExtensibilityGlobals) = postSolution
		SolutionGuid = {081AEAD1-30B4-4129-914D-FF849FE2C5F6}
	EndGlobalSection
EndGlobal
