
Microsoft Visual Studio Solution File, Format Version 12.00
# Visual Studio Version 16
VisualStudioVersion = 16.0.30225.117
MinimumVisualStudioVersion = 10.0.40219.1
Project("{FAE04EC0-301F-11D3-BF4B-00C04F79EFBC}") = "Xipra 1.8", "Xipra 1.8\Xipra 1.8.csproj", "{B77ED4DD-1CAA-4AA6-B5B4-3424B95EF41F}"
EndProject
Global
	GlobalSection(SolutionConfigurationPlatforms) = preSolution
		Debug|Any CPU = Debug|Any CPU
		Release|Any CPU = Release|Any CPU
	EndGlobalSection
	GlobalSection(ProjectConfigurationPlatforms) = postSolution
		{B77ED4DD-1CAA-4AA6-B5B4-3424B95EF41F}.Debug|Any CPU.ActiveCfg = Debug|Any CPU
		{B77ED4DD-1CAA-4AA6-B5B4-3424B95EF41F}.Debug|Any CPU.Build.0 = Debug|Any CPU
		{B77ED4DD-1CAA-4AA6-B5B4-3424B95EF41F}.Release|Any CPU.ActiveCfg = Release|Any CPU
		{B77ED4DD-1CAA-4AA6-B5B4-3424B95EF41F}.Release|Any CPU.Build.0 = Release|Any CPU
	EndGlobalSection
	GlobalSection(SolutionProperties) = preSolution
		HideSolutionNode = FALSE
	EndGlobalSection
	GlobalSection(ExtensibilityGlobals) = postSolution
		SolutionGuid = {134A784F-050C-4047-BCBD-C8C70553932D}
	EndGlobalSection
EndGlobal
