
Microsoft Visual Studio Solution File, Format Version 12.00
# Visual Studio Version 16
VisualStudioVersion = 16.0.30225.117
MinimumVisualStudioVersion = 10.0.40219.1
Project("{FAE04EC0-301F-11D3-BF4B-00C04F79EFBC}") = "xipra 1.3", "xipra 1.3\xipra 1.3.csproj", "{F6FCA68F-8E9B-4BA3-8BFF-1B38F72A3B08}"
EndProject
Global
	GlobalSection(SolutionConfigurationPlatforms) = preSolution
		Debug|Any CPU = Debug|Any CPU
		Release|Any CPU = Release|Any CPU
	EndGlobalSection
	GlobalSection(ProjectConfigurationPlatforms) = postSolution
		{F6FCA68F-8E9B-4BA3-8BFF-1B38F72A3B08}.Debug|Any CPU.ActiveCfg = Debug|Any CPU
		{F6FCA68F-8E9B-4BA3-8BFF-1B38F72A3B08}.Debug|Any CPU.Build.0 = Debug|Any CPU
		{F6FCA68F-8E9B-4BA3-8BFF-1B38F72A3B08}.Release|Any CPU.ActiveCfg = Release|Any CPU
		{F6FCA68F-8E9B-4BA3-8BFF-1B38F72A3B08}.Release|Any CPU.Build.0 = Release|Any CPU
	EndGlobalSection
	GlobalSection(SolutionProperties) = preSolution
		HideSolutionNode = FALSE
	EndGlobalSection
	GlobalSection(ExtensibilityGlobals) = postSolution
		SolutionGuid = {3E7400C8-AA44-4921-829E-022841A4403A}
	EndGlobalSection
EndGlobal
