
Microsoft Visual Studio Solution File, Format Version 12.00
# Visual Studio Version 16
VisualStudioVersion = 16.0.30225.117
MinimumVisualStudioVersion = 10.0.40219.1
Project("{FAE04EC0-301F-11D3-BF4B-00C04F79EFBC}") = "DatabaseDemo15-7-20", "DatabaseDemo15-7-20\DatabaseDemo15-7-20.csproj", "{30180812-C44C-4083-A347-A4C224E84769}"
EndProject
Global
	GlobalSection(SolutionConfigurationPlatforms) = preSolution
		Debug|Any CPU = Debug|Any CPU
		Release|Any CPU = Release|Any CPU
	EndGlobalSection
	GlobalSection(ProjectConfigurationPlatforms) = postSolution
		{30180812-C44C-4083-A347-A4C224E84769}.Debug|Any CPU.ActiveCfg = Debug|Any CPU
		{30180812-C44C-4083-A347-A4C224E84769}.Debug|Any CPU.Build.0 = Debug|Any CPU
		{30180812-C44C-4083-A347-A4C224E84769}.Release|Any CPU.ActiveCfg = Release|Any CPU
		{30180812-C44C-4083-A347-A4C224E84769}.Release|Any CPU.Build.0 = Release|Any CPU
	EndGlobalSection
	GlobalSection(SolutionProperties) = preSolution
		HideSolutionNode = FALSE
	EndGlobalSection
	GlobalSection(ExtensibilityGlobals) = postSolution
		SolutionGuid = {61FD42EA-1EEF-4DB6-833E-6A44F3C6055E}
	EndGlobalSection
EndGlobal
