
Microsoft Visual Studio Solution File, Format Version 12.00
# Visual Studio Version 16
VisualStudioVersion = 16.0.30225.117
MinimumVisualStudioVersion = 10.0.40219.1
Project("{FAE04EC0-301F-11D3-BF4B-00C04F79EFBC}") = "PracticalRamukaka", "PracticalRamukaka\PracticalRamukaka.csproj", "{4A693900-5E73-47BE-B535-C71684AC31B3}"
EndProject
Global
	GlobalSection(SolutionConfigurationPlatforms) = preSolution
		Debug|Any CPU = Debug|Any CPU
		Release|Any CPU = Release|Any CPU
	EndGlobalSection
	GlobalSection(ProjectConfigurationPlatforms) = postSolution
		{4A693900-5E73-47BE-B535-C71684AC31B3}.Debug|Any CPU.ActiveCfg = Debug|Any CPU
		{4A693900-5E73-47BE-B535-C71684AC31B3}.Debug|Any CPU.Build.0 = Debug|Any CPU
		{4A693900-5E73-47BE-B535-C71684AC31B3}.Release|Any CPU.ActiveCfg = Release|Any CPU
		{4A693900-5E73-47BE-B535-C71684AC31B3}.Release|Any CPU.Build.0 = Release|Any CPU
	EndGlobalSection
	GlobalSection(SolutionProperties) = preSolution
		HideSolutionNode = FALSE
	EndGlobalSection
	GlobalSection(ExtensibilityGlobals) = postSolution
		SolutionGuid = {8EF12239-6B75-430A-886B-014CFCF27CC4}
	EndGlobalSection
EndGlobal
